
Microsoft Visual Studio Solution File, Format Version 12.00
# Visual Studio Version 17
VisualStudioVersion = 17.13.35919.96
MinimumVisualStudioVersion = 10.0.40219.1
Project("{FAE04EC0-301F-11D3-BF4B-00C04F79EFBC}") = "LINQDemo", "LINQDemo\LINQDemo.csproj", "{99AB7827-02C5-495C-AEAF-CE38EC47398C}"
EndProject
Project("{FAE04EC0-301F-11D3-BF4B-00C04F79EFBC}") = "EFCoreDemo", "EFCoreDemo\EFCoreDemo.csproj", "{6A15B54A-153B-4D7D-B6EB-D7956FA4B63A}"
EndProject
Project("{FAE04EC0-301F-11D3-BF4B-00C04F79EFBC}") = "Day2EFCoreCodeFirstDemo", "Day2EFCoreCodeFirstDemo\Day2EFCoreCodeFirstDemo.csproj", "{5734881E-460A-492A-8319-68AAE9A8BA54}"
EndProject
Project("{FAE04EC0-301F-11D3-BF4B-00C04F79EFBC}") = "Day3EFCoreCodeFirstDemo", "Day3EFCoreCodeFirstDemo\Day3EFCoreCodeFirstDemo.csproj", "{7B140131-6B55-4BB2-8517-79FF2F390D93}"
EndProject
Project("{FAE04EC0-301F-11D3-BF4B-00C04F79EFBC}") = "Day3EfCoreAdvacedDemo", "Day3EfCoreAdvacedDemo\Day3EfCoreAdvacedDemo.csproj", "{0C7AD919-1DD1-44BE-81B7-8B0F66AA3DE9}"
EndProject
Project("{FAE04EC0-301F-11D3-BF4B-00C04F79EFBC}") = "Day3EFCoreDbFirstDemo", "Day3EFCoreDbFirstDemo\Day3EFCoreDbFirstDemo.csproj", "{5576B2D5-3412-4A01-94FC-9EB460354879}"
EndProject
Project("{FAE04EC0-301F-11D3-BF4B-00C04F79EFBC}") = "Day3EfCoreWizardDemo", "Day3EfCoreWizardDemo\Day3EfCoreWizardDemo.csproj", "{DA178F6B-8154-448F-9671-9D2327BAAB34}"
EndProject
Project("{FAE04EC0-301F-11D3-BF4B-00C04F79EFBC}") = "Day4WebMVCDemo", "Day4WebMVCDemo\Day4WebMVCDemo.csproj", "{E67934A0-F6DD-4E65-AF39-AF06B795449E}"
EndProject
Project("{FAE04EC0-301F-11D3-BF4B-00C04F79EFBC}") = "Day4WebAPIDemos", "Day4WebAPIDemos\Day4WebAPIDemos.csproj", "{4CC5282C-4E83-43DE-9936-8D78C9B70F0E}"
EndProject
Project("{FAE04EC0-301F-11D3-BF4B-00C04F79EFBC}") = "Day4WebApiWithDataDemo", "Day4WebApiWithDataDemo\Day4WebApiWithDataDemo.csproj", "{E657D562-73B0-4D5E-8053-7B0AD347DEE5}"
EndProject
Global
	GlobalSection(SolutionConfigurationPlatforms) = preSolution
		Debug|Any CPU = Debug|Any CPU
		Release|Any CPU = Release|Any CPU
	EndGlobalSection
	GlobalSection(ProjectConfigurationPlatforms) = postSolution
		{99AB7827-02C5-495C-AEAF-CE38EC47398C}.Debug|Any CPU.ActiveCfg = Debug|Any CPU
		{99AB7827-02C5-495C-AEAF-CE38EC47398C}.Debug|Any CPU.Build.0 = Debug|Any CPU
		{99AB7827-02C5-495C-AEAF-CE38EC47398C}.Release|Any CPU.ActiveCfg = Release|Any CPU
		{99AB7827-02C5-495C-AEAF-CE38EC47398C}.Release|Any CPU.Build.0 = Release|Any CPU
		{6A15B54A-153B-4D7D-B6EB-D7956FA4B63A}.Debug|Any CPU.ActiveCfg = Debug|Any CPU
		{6A15B54A-153B-4D7D-B6EB-D7956FA4B63A}.Debug|Any CPU.Build.0 = Debug|Any CPU
		{6A15B54A-153B-4D7D-B6EB-D7956FA4B63A}.Release|Any CPU.ActiveCfg = Release|Any CPU
		{6A15B54A-153B-4D7D-B6EB-D7956FA4B63A}.Release|Any CPU.Build.0 = Release|Any CPU
		{5734881E-460A-492A-8319-68AAE9A8BA54}.Debug|Any CPU.ActiveCfg = Debug|Any CPU
		{5734881E-460A-492A-8319-68AAE9A8BA54}.Debug|Any CPU.Build.0 = Debug|Any CPU
		{5734881E-460A-492A-8319-68AAE9A8BA54}.Release|Any CPU.ActiveCfg = Release|Any CPU
		{5734881E-460A-492A-8319-68AAE9A8BA54}.Release|Any CPU.Build.0 = Release|Any CPU
		{7B140131-6B55-4BB2-8517-79FF2F390D93}.Debug|Any CPU.ActiveCfg = Debug|Any CPU
		{7B140131-6B55-4BB2-8517-79FF2F390D93}.Debug|Any CPU.Build.0 = Debug|Any CPU
		{7B140131-6B55-4BB2-8517-79FF2F390D93}.Release|Any CPU.ActiveCfg = Release|Any CPU
		{7B140131-6B55-4BB2-8517-79FF2F390D93}.Release|Any CPU.Build.0 = Release|Any CPU
		{0C7AD919-1DD1-44BE-81B7-8B0F66AA3DE9}.Debug|Any CPU.ActiveCfg = Debug|Any CPU
		{0C7AD919-1DD1-44BE-81B7-8B0F66AA3DE9}.Debug|Any CPU.Build.0 = Debug|Any CPU
		{0C7AD919-1DD1-44BE-81B7-8B0F66AA3DE9}.Release|Any CPU.ActiveCfg = Release|Any CPU
		{0C7AD919-1DD1-44BE-81B7-8B0F66AA3DE9}.Release|Any CPU.Build.0 = Release|Any CPU
		{5576B2D5-3412-4A01-94FC-9EB460354879}.Debug|Any CPU.ActiveCfg = Debug|Any CPU
		{5576B2D5-3412-4A01-94FC-9EB460354879}.Debug|Any CPU.Build.0 = Debug|Any CPU
		{5576B2D5-3412-4A01-94FC-9EB460354879}.Release|Any CPU.ActiveCfg = Release|Any CPU
		{5576B2D5-3412-4A01-94FC-9EB460354879}.Release|Any CPU.Build.0 = Release|Any CPU
		{DA178F6B-8154-448F-9671-9D2327BAAB34}.Debug|Any CPU.ActiveCfg = Debug|Any CPU
		{DA178F6B-8154-448F-9671-9D2327BAAB34}.Debug|Any CPU.Build.0 = Debug|Any CPU
		{DA178F6B-8154-448F-9671-9D2327BAAB34}.Release|Any CPU.ActiveCfg = Release|Any CPU
		{DA178F6B-8154-448F-9671-9D2327BAAB34}.Release|Any CPU.Build.0 = Release|Any CPU
		{E67934A0-F6DD-4E65-AF39-AF06B795449E}.Debug|Any CPU.ActiveCfg = Debug|Any CPU
		{E67934A0-F6DD-4E65-AF39-AF06B795449E}.Debug|Any CPU.Build.0 = Debug|Any CPU
		{E67934A0-F6DD-4E65-AF39-AF06B795449E}.Release|Any CPU.ActiveCfg = Release|Any CPU
		{E67934A0-F6DD-4E65-AF39-AF06B795449E}.Release|Any CPU.Build.0 = Release|Any CPU
		{4CC5282C-4E83-43DE-9936-8D78C9B70F0E}.Debug|Any CPU.ActiveCfg = Debug|Any CPU
		{4CC5282C-4E83-43DE-9936-8D78C9B70F0E}.Debug|Any CPU.Build.0 = Debug|Any CPU
		{4CC5282C-4E83-43DE-9936-8D78C9B70F0E}.Release|Any CPU.ActiveCfg = Release|Any CPU
		{4CC5282C-4E83-43DE-9936-8D78C9B70F0E}.Release|Any CPU.Build.0 = Release|Any CPU
		{E657D562-73B0-4D5E-8053-7B0AD347DEE5}.Debug|Any CPU.ActiveCfg = Debug|Any CPU
		{E657D562-73B0-4D5E-8053-7B0AD347DEE5}.Debug|Any CPU.Build.0 = Debug|Any CPU
		{E657D562-73B0-4D5E-8053-7B0AD347DEE5}.Release|Any CPU.ActiveCfg = Release|Any CPU
		{E657D562-73B0-4D5E-8053-7B0AD347DEE5}.Release|Any CPU.Build.0 = Release|Any CPU
	EndGlobalSection
	GlobalSection(SolutionProperties) = preSolution
		HideSolutionNode = FALSE
	EndGlobalSection
	GlobalSection(ExtensibilityGlobals) = postSolution
		SolutionGuid = {B27DB908-E7E2-4A4A-8AA2-7E153C6DC90C}
	EndGlobalSection
EndGlobal
